
Microsoft Visual Studio Solution File, Format Version 12.00
# Visual Studio Version 17
VisualStudioVersion = 17.0.32014.148
MinimumVisualStudioVersion = 10.0.40219.1
Project("{9A19103F-16F7-4668-BE54-9A1E7A4F7556}") = "jose.cli", "jose.cli\jose.cli.csproj", "{D876FF6D-C2B2-4C63-983A-02EE59E818E0}"
EndProject
Project("{2150E333-8FDC-42A3-9474-1A3956D46DE8}") = "solution items", "solution items", "{603FAFB9-C126-4031-8C13-DC749860A498}"
	ProjectSection(SolutionItems) = preProject
		..\.gitignore = ..\.gitignore
		..\LICENSE = ..\LICENSE
		..\README.md = ..\README.md
	EndProjectSection
EndProject
Global
	GlobalSection(SolutionConfigurationPlatforms) = preSolution
		Debug|Any CPU = Debug|Any CPU
		Release|Any CPU = Release|Any CPU
	EndGlobalSection
	GlobalSection(ProjectConfigurationPlatforms) = postSolution
		{D876FF6D-C2B2-4C63-983A-02EE59E818E0}.Debug|Any CPU.ActiveCfg = Debug|Any CPU
		{D876FF6D-C2B2-4C63-983A-02EE59E818E0}.Debug|Any CPU.Build.0 = Debug|Any CPU
		{D876FF6D-C2B2-4C63-983A-02EE59E818E0}.Release|Any CPU.ActiveCfg = Release|Any CPU
		{D876FF6D-C2B2-4C63-983A-02EE59E818E0}.Release|Any CPU.Build.0 = Release|Any CPU
	EndGlobalSection
	GlobalSection(SolutionProperties) = preSolution
		HideSolutionNode = FALSE
	EndGlobalSection
	GlobalSection(ExtensibilityGlobals) = postSolution
		SolutionGuid = {5B985118-F117-45E8-B2F5-D032667CCE73}
	EndGlobalSection
EndGlobal
